// !$*UTF8*$!
{
	archiveVersion = 1;
	classes = {
	};
	objectVersion = 48;
	objects = {

/* Begin PBXBuildFile section */
		63371202201F40DF007E09E3 /* AppDelegate.swift in Sources */ = {isa = PBXBuildFile; fileRef = 63371201201F40DF007E09E3 /* AppDelegate.swift */; };
		63371204201F40DF007E09E3 /* ViewController.swift in Sources */ = {isa = PBXBuildFile; fileRef = 63371203201F40DF007E09E3 /* ViewController.swift */; };
		63371207201F40DF007E09E3 /* Main.storyboard in Resources */ = {isa = PBXBuildFile; fileRef = 63371205201F40DF007E09E3 /* Main.storyboard */; };
		63371209201F40DF007E09E3 /* Assets.xcassets in Resources */ = {isa = PBXBuildFile; fileRef = 63371208201F40DF007E09E3 /* Assets.xcassets */; };
		6337120C201F40DF007E09E3 /* LaunchScreen.storyboard in Resources */ = {isa = PBXBuildFile; fileRef = 6337120A201F40DF007E09E3 /* LaunchScreen.storyboard */; };
		63371217201F40DF007E09E3 /* To_DoTests.swift in Sources */ = {isa = PBXBuildFile; fileRef = 63371216201F40DF007E09E3 /* To_DoTests.swift */; };
		63371222201F40DF007E09E3 /* To_DoUITests.swift in Sources */ = {isa = PBXBuildFile; fileRef = 63371221201F40DF007E09E3 /* To_DoUITests.swift */; };
/* End PBXBuildFile section */

/* Begin PBXContainerItemProxy section */
		63371213201F40DF007E09E3 /* PBXContainerItemProxy */ = {
			isa = PBXContainerItemProxy;
			containerPortal = 633711F6201F40DF007E09E3 /* Project object */;
			proxyType = 1;
			remoteGlobalIDString = 633711FD201F40DF007E09E3;
			remoteInfo = "To-Do";
		};
		6337121E201F40DF007E09E3 /* PBXContainerItemProxy */ = {
			isa = PBXContainerItemProxy;
			containerPortal = 633711F6201F40DF007E09E3 /* Project object */;
			proxyType = 1;
			remoteGlobalIDString = 633711FD201F40DF007E09E3;
			remoteInfo = "To-Do";
		};
/* End PBXContainerItemProxy section */

/* Begin PBXFileReference section */
		633711FE201F40DF007E09E3 /* To-Do.app */ = {isa = PBXFileReference; explicitFileType = wrapper.application; includeInIndex = 0; path = "To-Do.app"; sourceTree = BUILT_PRODUCTS_DIR; };
		63371201201F40DF007E09E3 /* AppDelegate.swift */ = {isa = PBXFileReference; lastKnownFileType = sourcecode.swift; path = AppDelegate.swift; sourceTree = "<group>"; };
		63371203201F40DF007E09E3 /* ViewController.swift */ = {isa = PBXFileReference; lastKnownFileType = sourcecode.swift; path = ViewController.swift; sourceTree = "<group>"; };
		63371206201F40DF007E09E3 /* Base */ = {isa = PBXFileReference; lastKnownFileType = file.storyboard; name = Base; path = Base.lproj/Main.storyboard; sourceTree = "<group>"; };
		63371208201F40DF007E09E3 /* Assets.xcassets */ = {isa = PBXFileReference; lastKnownFileType = folder.assetcatalog; path = Assets.xcassets; sourceTree = "<group>"; };
		6337120B201F40DF007E09E3 /* Base */ = {isa = PBXFileReference; lastKnownFileType = file.storyboard; name = Base; path = Base.lproj/LaunchScreen.storyboard; sourceTree = "<group>"; };
		6337120D201F40DF007E09E3 /* Info.plist */ = {isa = PBXFileReference; lastKnownFileType = text.plist.xml; path = Info.plist; sourceTree = "<group>"; };
		63371212201F40DF007E09E3 /* To-DoTests.xctest */ = {isa = PBXFileReference; explicitFileType = wrapper.cfbundle; includeInIndex = 0; path = "To-DoTests.xctest"; sourceTree = BUILT_PRODUCTS_DIR; };
		63371216201F40DF007E09E3 /* To_DoTests.swift */ = {isa = PBXFileReference; lastKnownFileType = sourcecode.swift; path = To_DoTests.swift; sourceTree = "<group>"; };
		63371218201F40DF007E09E3 /* Info.plist */ = {isa = PBXFileReference; lastKnownFileType = text.plist.xml; path = Info.plist; sourceTree = "<group>"; };
		6337121D201F40DF007E09E3 /* To-DoUITests.xctest */ = {isa = PBXFileReference; explicitFileType = wrapper.cfbundle; includeInIndex = 0; path = "To-DoUITests.xctest"; sourceTree = BUILT_PRODUCTS_DIR; };
		63371221201F40DF007E09E3 /* To_DoUITests.swift */ = {isa = PBXFileReference; lastKnownFileType = sourcecode.swift; path = To_DoUITests.swift; sourceTree = "<group>"; };
		63371223201F40DF007E09E3 /* Info.plist */ = {isa = PBXFileReference; lastKnownFileType = text.plist.xml; path = Info.plist; sourceTree = "<group>"; };
/* End PBXFileReference section */

/* Begin PBXFrameworksBuildPhase section */
		633711FB201F40DF007E09E3 /* Frameworks */ = {
			isa = PBXFrameworksBuildPhase;
			buildActionMask = 2147483647;
			files = (
			);
			runOnlyForDeploymentPostprocessing = 0;
		};
		6337120F201F40DF007E09E3 /* Frameworks */ = {
			isa = PBXFrameworksBuildPhase;
			buildActionMask = 2147483647;
			files = (
			);
			runOnlyForDeploymentPostprocessing = 0;
		};
		6337121A201F40DF007E09E3 /* Frameworks */ = {
			isa = PBXFrameworksBuildPhase;
			buildActionMask = 2147483647;
			files = (
			);
			runOnlyForDeploymentPostprocessing = 0;
		};
/* End PBXFrameworksBuildPhase section */

/* Begin PBXGroup section */
		633711F5201F40DF007E09E3 = {
			isa = PBXGroup;
			children = (
				63371200201F40DF007E09E3 /* To-Do */,
				63371215201F40DF007E09E3 /* To-DoTests */,
				63371220201F40DF007E09E3 /* To-DoUITests */,
				633711FF201F40DF007E09E3 /* Products */,
			);
			sourceTree = "<group>";
		};
		633711FF201F40DF007E09E3 /* Products */ = {
			isa = PBXGroup;
			children = (
				633711FE201F40DF007E09E3 /* To-Do.app */,
				63371212201F40DF007E09E3 /* To-DoTests.xctest */,
				6337121D201F40DF007E09E3 /* To-DoUITests.xctest */,
			);
			name = Products;
			sourceTree = "<group>";
		};
		63371200201F40DF007E09E3 /* To-Do */ = {
			isa = PBXGroup;
			children = (
				63371201201F40DF007E09E3 /* AppDelegate.swift */,
				63371203201F40DF007E09E3 /* ViewController.swift */,
				63371205201F40DF007E09E3 /* Main.storyboard */,
				63371208201F40DF007E09E3 /* Assets.xcassets */,
				6337120A201F40DF007E09E3 /* LaunchScreen.storyboard */,
				6337120D201F40DF007E09E3 /* Info.plist */,
			);
			path = "To-Do";
			sourceTree = "<group>";
		};
		63371215201F40DF007E09E3 /* To-DoTests */ = {
			isa = PBXGroup;
			children = (
				63371216201F40DF007E09E3 /* To_DoTests.swift */,
				63371218201F40DF007E09E3 /* Info.plist */,
			);
			path = "To-DoTests";
			sourceTree = "<group>";
		};
		63371220201F40DF007E09E3 /* To-DoUITests */ = {
			isa = PBXGroup;
			children = (
				63371221201F40DF007E09E3 /* To_DoUITests.swift */,
				63371223201F40DF007E09E3 /* Info.plist */,
			);
			path = "To-DoUITests";
			sourceTree = "<group>";
		};
/* End PBXGroup section */

/* Begin PBXNativeTarget section */
		633711FD201F40DF007E09E3 /* To-Do */ = {
			isa = PBXNativeTarget;
			buildConfigurationList = 63371226201F40DF007E09E3 /* Build configuration list for PBXNativeTarget "To-Do" */;
			buildPhases = (
				633711FA201F40DF007E09E3 /* Sources */,
				633711FB201F40DF007E09E3 /* Frameworks */,
				633711FC201F40DF007E09E3 /* Resources */,
			);
			buildRules = (
			);
			dependencies = (
			);
			name = "To-Do";
			productName = "To-Do";
			productReference = 633711FE201F40DF007E09E3 /* To-Do.app */;
			productType = "com.apple.product-type.application";
		};
		63371211201F40DF007E09E3 /* To-DoTests */ = {
			isa = PBXNativeTarget;
			buildConfigurationList = 63371229201F40DF007E09E3 /* Build configuration list for PBXNativeTarget "To-DoTests" */;
			buildPhases = (
				6337120E201F40DF007E09E3 /* Sources */,
				6337120F201F40DF007E09E3 /* Frameworks */,
				63371210201F40DF007E09E3 /* Resources */,
			);
			buildRules = (
			);
			dependencies = (
				63371214201F40DF007E09E3 /* PBXTargetDependency */,
			);
			name = "To-DoTests";
			productName = "To-DoTests";
			productReference = 63371212201F40DF007E09E3 /* To-DoTests.xctest */;
			productType = "com.apple.product-type.bundle.unit-test";
		};
		6337121C201F40DF007E09E3 /* To-DoUITests */ = {
			isa = PBXNativeTarget;
			buildConfigurationList = 6337122C201F40DF007E09E3 /* Build configuration list for PBXNativeTarget "To-DoUITests" */;
			buildPhases = (
				63371219201F40DF007E09E3 /* Sources */,
				6337121A201F40DF007E09E3 /* Frameworks */,
				6337121B201F40DF007E09E3 /* Resources */,
			);
			buildRules = (
			);
			dependencies = (
				6337121F201F40DF007E09E3 /* PBXTargetDependency */,
			);
			name = "To-DoUITests";
			productName = "To-DoUITests";
			productReference = 6337121D201F40DF007E09E3 /* To-DoUITests.xctest */;
			productType = "com.apple.product-type.bundle.ui-testing";
		};
/* End PBXNativeTarget section */

/* Begin PBXProject section */
		633711F6201F40DF007E09E3 /* Project object */ = {
			isa = PBXProject;
			attributes = {
				LastSwiftUpdateCheck = 0920;
				LastUpgradeCheck = 0920;
				ORGANIZATIONNAME = "Mohamed Derkaoui";
				TargetAttributes = {
					633711FD201F40DF007E09E3 = {
						CreatedOnToolsVersion = 9.2;
						ProvisioningStyle = Automatic;
					};
					63371211201F40DF007E09E3 = {
						CreatedOnToolsVersion = 9.2;
						ProvisioningStyle = Automatic;
						TestTargetID = 633711FD201F40DF007E09E3;
					};
					6337121C201F40DF007E09E3 = {
						CreatedOnToolsVersion = 9.2;
						ProvisioningStyle = Automatic;
						TestTargetID = 633711FD201F40DF007E09E3;
					};
				};
			};
			buildConfigurationList = 633711F9201F40DF007E09E3 /* Build configuration list for PBXProject "To-Do" */;
			compatibilityVersion = "Xcode 8.0";
			developmentRegion = en;
			hasScannedForEncodings = 0;
			knownRegions = (
				en,
				Base,
			);
			mainGroup = 633711F5201F40DF007E09E3;
			productRefGroup = 633711FF201F40DF007E09E3 /* Products */;
			projectDirPath = "";
			projectRoot = "";
			targets = (
				633711FD201F40DF007E09E3 /* To-Do */,
				63371211201F40DF007E09E3 /* To-DoTests */,
				6337121C201F40DF007E09E3 /* To-DoUITests */,
			);
		};
/* End PBXProject section */

/* Begin PBXResourcesBuildPhase section */
		633711FC201F40DF007E09E3 /* Resources */ = {
			isa = PBXResourcesBuildPhase;
			buildActionMask = 2147483647;
			files = (
				6337120C201F40DF007E09E3 /* LaunchScreen.storyboard in Resources */,
				63371209201F40DF007E09E3 /* Assets.xcassets in Resources */,
				63371207201F40DF007E09E3 /* Main.storyboard in Resources */,
			);
			runOnlyForDeploymentPostprocessing = 0;
		};
		63371210201F40DF007E09E3 /* Resources */ = {
			isa = PBXResourcesBuildPhase;
			buildActionMask = 2147483647;
			files = (
			);
			runOnlyForDeploymentPostprocessing = 0;
		};
		6337121B201F40DF007E09E3 /* Resources */ = {
			isa = PBXResourcesBuildPhase;
			buildActionMask = 2147483647;
			files = (
			);
			runOnlyForDeploymentPostprocessing = 0;
		};
/* End PBXResourcesBuildPhase section */

/* Begin PBXSourcesBuildPhase section */
		633711FA201F40DF007E09E3 /* Sources */ = {
			isa = PBXSourcesBuildPhase;
			buildActionMask = 2147483647;
			files = (
				63371204201F40DF007E09E3 /* ViewController.swift in Sources */,
				63371202201F40DF007E09E3 /* AppDelegate.swift in Sources */,
			);
			runOnlyForDeploymentPostprocessing = 0;
		};
		6337120E201F40DF007E09E3 /* Sources */ = {
			isa = PBXSourcesBuildPhase;
			buildActionMask = 2147483647;
			files = (
				63371217201F40DF007E09E3 /* To_DoTests.swift in Sources */,
			);
			runOnlyForDeploymentPostprocessing = 0;
		};
		63371219201F40DF007E09E3 /* Sources */ = {
			isa = PBXSourcesBuildPhase;
			buildActionMask = 2147483647;
			files = (
				63371222201F40DF007E09E3 /* To_DoUITests.swift in Sources */,
			);
			runOnlyForDeploymentPostprocessing = 0;
		};
/* End PBXSourcesBuildPhase section */

/* Begin PBXTargetDependency section */
		63371214201F40DF007E09E3 /* PBXTargetDependency */ = {
			isa = PBXTargetDependency;
			target = 633711FD201F40DF007E09E3 /* To-Do */;
			targetProxy = 63371213201F40DF007E09E3 /* PBXContainerItemProxy */;
		};
		6337121F201F40DF007E09E3 /* PBXTargetDependency */ = {
			isa = PBXTargetDependency;
			target = 633711FD201F40DF007E09E3 /* To-Do */;
			targetProxy = 6337121E201F40DF007E09E3 /* PBXContainerItemProxy */;
		};
/* End PBXTargetDependency section */

/* Begin PBXVariantGroup section */
		63371205201F40DF007E09E3 /* Main.storyboard */ = {
			isa = PBXVariantGroup;
			children = (
				63371206201F40DF007E09E3 /* Base */,
			);
			name = Main.storyboard;
			sourceTree = "<group>";
		};
		6337120A201F40DF007E09E3 /* LaunchScreen.storyboard */ = {
			isa = PBXVariantGroup;
			children = (
				6337120B201F40DF007E09E3 /* Base */,
			);
			name = LaunchScreen.storyboard;
			sourceTree = "<group>";
		};
/* End PBXVariantGroup section */

/* Begin XCBuildConfiguration section */
		63371224201F40DF007E09E3 /* Debug */ = {
			isa = XCBuildConfiguration;
			buildSettings = {
				ALWAYS_SEARCH_USER_PATHS = NO;
				CLANG_ANALYZER_NONNULL = YES;
				CLANG_ANALYZER_NUMBER_OBJECT_CONVERSION = YES_AGGRESSIVE;
				CLANG_CXX_LANGUAGE_STANDARD = "gnu++14";
				CLANG_CXX_LIBRARY = "libc++";
				CLANG_ENABLE_MODULES = YES;
				CLANG_ENABLE_OBJC_ARC = YES;
				CLANG_WARN_BLOCK_CAPTURE_AUTORELEASING = YES;
				CLANG_WARN_BOOL_CONVERSION = YES;
				CLANG_WARN_COMMA = YES;
				CLANG_WARN_CONSTANT_CONVERSION = YES;
				CLANG_WARN_DIRECT_OBJC_ISA_USAGE = YES_ERROR;
				CLANG_WARN_DOCUMENTATION_COMMENTS = YES;
				CLANG_WARN_EMPTY_BODY = YES;
				CLANG_WARN_ENUM_CONVERSION = YES;
				CLANG_WARN_INFINITE_RECURSION = YES;
				CLANG_WARN_INT_CONVERSION = YES;
				CLANG_WARN_NON_LITERAL_NULL_CONVERSION = YES;
				CLANG_WARN_OBJC_LITERAL_CONVERSION = YES;
				CLANG_WARN_OBJC_ROOT_CLASS = YES_ERROR;
				CLANG_WARN_RANGE_LOOP_ANALYSIS = YES;
				CLANG_WARN_STRICT_PROTOTYPES = YES;
				CLANG_WARN_SUSPICIOUS_MOVE = YES;
				CLANG_WARN_UNGUARDED_AVAILABILITY = YES_AGGRESSIVE;
				CLANG_WARN_UNREACHABLE_CODE = YES;
				CLANG_WARN__DUPLICATE_METHOD_MATCH = YES;
				CODE_SIGN_IDENTITY = "iPhone Developer";
				COPY_PHASE_STRIP = NO;
				DEBUG_INFORMATION_FORMAT = dwarf;
				ENABLE_STRICT_OBJC_MSGSEND = YES;
				ENABLE_TESTABILITY = YES;
				GCC_C_LANGUAGE_STANDARD = gnu11;
				GCC_DYNAMIC_NO_PIC = NO;
				GCC_NO_COMMON_BLOCKS = YES;
				GCC_OPTIMIZATION_LEVEL = 0;
				GCC_PREPROCESSOR_DEFINITIONS = (
					"DEBUG=1",
					"$(inherited)",
				);
				GCC_WARN_64_TO_32_BIT_CONVERSION = YES;
				GCC_WARN_ABOUT_RETURN_TYPE = YES_ERROR;
				GCC_WARN_UNDECLARED_SELECTOR = YES;
				GCC_WARN_UNINITIALIZED_AUTOS = YES_AGGRESSIVE;
				GCC_WARN_UNUSED_FUNCTION = YES;
				GCC_WARN_UNUSED_VARIABLE = YES;
				IPHONEOS_DEPLOYMENT_TARGET = 11.2;
				MTL_ENABLE_DEBUG_INFO = YES;
				ONLY_ACTIVE_ARCH = YES;
				SDKROOT = iphoneos;
				SWIFT_ACTIVE_COMPILATION_CONDITIONS = DEBUG;
				SWIFT_OPTIMIZATION_LEVEL = "-Onone";
			};
			name = Debug;
		};
		63371225201F40DF007E09E3 /* Release */ = {
			isa = XCBuildConfiguration;
			buildSettings = {
				ALWAYS_SEARCH_USER_PATHS = NO;
				CLANG_ANALYZER_NONNULL = YES;
				CLANG_ANALYZER_NUMBER_OBJECT_CONVERSION = YES_AGGRESSIVE;
				CLANG_CXX_LANGUAGE_STANDARD = "gnu++14";
				CLANG_CXX_LIBRARY = "libc++";
				CLANG_ENABLE_MODULES = YES;
				CLANG_ENABLE_OBJC_ARC = YES;
				CLANG_WARN_BLOCK_CAPTURE_AUTORELEASING = YES;
				CLANG_WARN_BOOL_CONVERSION = YES;
				CLANG_WARN_COMMA = YES;
				CLANG_WARN_CONSTANT_CONVERSION = YES;
				CLANG_WARN_DIRECT_OBJC_ISA_USAGE = YES_ERROR;
				CLANG_WARN_DOCUMENTATION_COMMENTS = YES;
				CLANG_WARN_EMPTY_BODY = YES;
				CLANG_WARN_ENUM_CONVERSION = YES;
				CLANG_WARN_INFINITE_RECURSION = YES;
				CLANG_WARN_INT_CONVERSION = YES;
				CLANG_WARN_NON_LITERAL_NULL_CONVERSION = YES;
				CLANG_WARN_OBJC_LITERAL_CONVERSION = YES;
				CLANG_WARN_OBJC_ROOT_CLASS = YES_ERROR;
				CLANG_WARN_RANGE_LOOP_ANALYSIS = YES;
				CLANG_WARN_STRICT_PROTOTYPES = YES;
				CLANG_WARN_SUSPICIOUS_MOVE = YES;
				CLANG_WARN_UNGUARDED_AVAILABILITY = YES_AGGRESSIVE;
				CLANG_WARN_UNREACHABLE_CODE = YES;
				CLANG_WARN__DUPLICATE_METHOD_MATCH = YES;
				CODE_SIGN_IDENTITY = "iPhone Developer";
				COPY_PHASE_STRIP = NO;
				DEBUG_INFORMATION_FORMAT = "dwarf-with-dsym";
				ENABLE_NS_ASSERTIONS = NO;
				ENABLE_STRICT_OBJC_MSGSEND = YES;
				GCC_C_LANGUAGE_STANDARD = gnu11;
				GCC_NO_COMMON_BLOCKS = YES;
				GCC_WARN_64_TO_32_BIT_CONVERSION = YES;
				GCC_WARN_ABOUT_RETURN_TYPE = YES_ERROR;
				GCC_WARN_UNDECLARED_SELECTOR = YES;
				GCC_WARN_UNINITIALIZED_AUTOS = YES_AGGRESSIVE;
				GCC_WARN_UNUSED_FUNCTION = YES;
				GCC_WARN_UNUSED_VARIABLE = YES;
				IPHONEOS_DEPLOYMENT_TARGET = 11.2;
				MTL_ENABLE_DEBUG_INFO = NO;
				SDKROOT = iphoneos;
				SWIFT_OPTIMIZATION_LEVEL = "-Owholemodule";
				VALIDATE_PRODUCT = YES;
			};
			name = Release;
		};
		63371227201F40DF007E09E3 /* Debug */ = {
			isa = XCBuildConfiguration;
			buildSettings = {
				ASSETCATALOG_COMPILER_APPICON_NAME = AppIcon;
				CODE_SIGN_STYLE = Automatic;
				INFOPLIST_FILE = "To-Do/Info.plist";
				LD_RUNPATH_SEARCH_PATHS = "$(inherited) @executable_path/Frameworks";
				PRODUCT_BUNDLE_IDENTIFIER = "medder.To-Do";
				PRODUCT_NAME = "$(TARGET_NAME)";
				SWIFT_VERSION = 4.0;
				TARGETED_DEVICE_FAMILY = "1,2";
			};
			name = Debug;
		};
		63371228201F40DF007E09E3 /* Release */ = {
			isa = XCBuildConfiguration;
			buildSettings = {
				ASSETCATALOG_COMPILER_APPICON_NAME = AppIcon;
				CODE_SIGN_STYLE = Automatic;
				INFOPLIST_FILE = "To-Do/Info.plist";
				LD_RUNPATH_SEARCH_PATHS = "$(inherited) @executable_path/Frameworks";
				PRODUCT_BUNDLE_IDENTIFIER = "medder.To-Do";
				PRODUCT_NAME = "$(TARGET_NAME)";
				SWIFT_VERSION = 4.0;
				TARGETED_DEVICE_FAMILY = "1,2";
			};
			name = Release;
		};
		6337122A201F40DF007E09E3 /* Debug */ = {
			isa = XCBuildConfiguration;
			buildSettings = {
				ALWAYS_EMBED_SWIFT_STANDARD_LIBRARIES = YES;
				BUNDLE_LOADER = "$(TEST_HOST)";
				CODE_SIGN_STYLE = Automatic;
				INFOPLIST_FILE = "To-DoTests/Info.plist";
				LD_RUNPATH_SEARCH_PATHS = "$(inherited) @executable_path/Frameworks @loader_path/Frameworks";
				PRODUCT_BUNDLE_IDENTIFIER = "medder.To-DoTests";
				PRODUCT_NAME = "$(TARGET_NAME)";
				SWIFT_VERSION = 4.0;
				TARGETED_DEVICE_FAMILY = "1,2";
				TEST_HOST = "$(BUILT_PRODUCTS_DIR)/To-Do.app/To-Do";
			};
			name = Debug;
		};
		6337122B201F40DF007E09E3 /* Release */ = {
			isa = XCBuildConfiguration;
			buildSettings = {
				ALWAYS_EMBED_SWIFT_STANDARD_LIBRARIES = YES;
				BUNDLE_LOADER = "$(TEST_HOST)";
				CODE_SIGN_STYLE = Automatic;
				INFOPLIST_FILE = "To-DoTests/Info.plist";
				LD_RUNPATH_SEARCH_PATHS = "$(inherited) @executable_path/Frameworks @loader_path/Frameworks";
				PRODUCT_BUNDLE_IDENTIFIER = "medder.To-DoTests";
				PRODUCT_NAME = "$(TARGET_NAME)";
				SWIFT_VERSION = 4.0;
				TARGETED_DEVICE_FAMILY = "1,2";
				TEST_HOST = "$(BUILT_PRODUCTS_DIR)/To-Do.app/To-Do";
			};
			name = Release;
		};
		6337122D201F40DF007E09E3 /* Debug */ = {
			isa = XCBuildConfiguration;
			buildSettings = {
				ALWAYS_EMBED_SWIFT_STANDARD_LIBRARIES = YES;
				CODE_SIGN_STYLE = Automatic;
				INFOPLIST_FILE = "To-DoUITests/Info.plist";
				LD_RUNPATH_SEARCH_PATHS = "$(inherited) @executable_path/Frameworks @loader_path/Frameworks";
				PRODUCT_BUNDLE_IDENTIFIER = "medder.To-DoUITests";
				PRODUCT_NAME = "$(TARGET_NAME)";
				SWIFT_VERSION = 4.0;
				TARGETED_DEVICE_FAMILY = "1,2";
				TEST_TARGET_NAME = "To-Do";
			};
			name = Debug;
		};
		6337122E201F40DF007E09E3 /* Release */ = {
			isa = XCBuildConfiguration;
			buildSettings = {
				ALWAYS_EMBED_SWIFT_STANDARD_LIBRARIES = YES;
				CODE_SIGN_STYLE = Automatic;
				INFOPLIST_FILE = "To-DoUITests/Info.plist";
				LD_RUNPATH_SEARCH_PATHS = "$(inherited) @executable_path/Frameworks @loader_path/Frameworks";
				PRODUCT_BUNDLE_IDENTIFIER = "medder.To-DoUITests";
				PRODUCT_NAME = "$(TARGET_NAME)";
				SWIFT_VERSION = 4.0;
				TARGETED_DEVICE_FAMILY = "1,2";
				TEST_TARGET_NAME = "To-Do";
			};
			name = Release;
		};
/* End XCBuildConfiguration section */

/* Begin XCConfigurationList section */
		633711F9201F40DF007E09E3 /* Build configuration list for PBXProject "To-Do" */ = {
			isa = XCConfigurationList;
			buildConfigurations = (
				63371224201F40DF007E09E3 /* Debug */,
				63371225201F40DF007E09E3 /* Release */,
			);
			defaultConfigurationIsVisible = 0;
			defaultConfigurationName = Release;
		};
		63371226201F40DF007E09E3 /* Build configuration list for PBXNativeTarget "To-Do" */ = {
			isa = XCConfigurationList;
			buildConfigurations = (
				63371227201F40DF007E09E3 /* Debug */,
				63371228201F40DF007E09E3 /* Release */,
			);
			defaultConfigurationIsVisible = 0;
			defaultConfigurationName = Release;
		};
		63371229201F40DF007E09E3 /* Build configuration list for PBXNativeTarget "To-DoTests" */ = {
			isa = XCConfigurationList;
			buildConfigurations = (
				6337122A201F40DF007E09E3 /* Debug */,
				6337122B201F40DF007E09E3 /* Release */,
			);
			defaultConfigurationIsVisible = 0;
			defaultConfigurationName = Release;
		};
		6337122C201F40DF007E09E3 /* Build configuration list for PBXNativeTarget "To-DoUITests" */ = {
			isa = XCConfigurationList;
			buildConfigurations = (
				6337122D201F40DF007E09E3 /* Debug */,
				6337122E201F40DF007E09E3 /* Release */,
			);
			defaultConfigurationIsVisible = 0;
			defaultConfigurationName = Release;
		};
/* End XCConfigurationList section */
	};
	rootObject = 633711F6201F40DF007E09E3 /* Project object */;
}
